
Microsoft Visual Studio Solution File, Format Version 12.00
# Visual Studio 15
VisualStudioVersion = 15.0.27004.2009
MinimumVisualStudioVersion = 10.0.40219.1
Project("{FAE04EC0-301F-11D3-BF4B-00C04F79EFBC}") = "PantasFinal.Android", "PantasFinal\PantasFinal.Android\PantasFinal.Android.csproj", "{9411094B-95B9-473F-8B0C-CE3B198051F4}"
EndProject
Project("{FAE04EC0-301F-11D3-BF4B-00C04F79EFBC}") = "PantasFinal", "PantasFinal\PantasFinal\PantasFinal.csproj", "{877CD898-4A6E-42BA-8606-E6D5D91F01D8}"
EndProject
Project("{FAE04EC0-301F-11D3-BF4B-00C04F79EFBC}") = "PantasFinal.iOS", "PantasFinal\PantasFinal.iOS\PantasFinal.iOS.csproj", "{A407B1DF-1766-44DB-B694-7846ACF11740}"
EndProject
Global
	GlobalSection(SolutionConfigurationPlatforms) = preSolution
		Ad-Hoc|Any CPU = Ad-Hoc|Any CPU
		Ad-Hoc|iPhone = Ad-Hoc|iPhone
		Ad-Hoc|iPhoneSimulator = Ad-Hoc|iPhoneSimulator
		AppStore|Any CPU = AppStore|Any CPU
		AppStore|iPhone = AppStore|iPhone
		AppStore|iPhoneSimulator = AppStore|iPhoneSimulator
		Debug|Any CPU = Debug|Any CPU
		Debug|iPhone = Debug|iPhone
		Debug|iPhoneSimulator = Debug|iPhoneSimulator
		Release|Any CPU = Release|Any CPU
		Release|iPhone = Release|iPhone
		Release|iPhoneSimulator = Release|iPhoneSimulator
	EndGlobalSection
	GlobalSection(ProjectConfigurationPlatforms) = postSolution
		{9411094B-95B9-473F-8B0C-CE3B198051F4}.Ad-Hoc|Any CPU.ActiveCfg = Release|Any CPU
		{9411094B-95B9-473F-8B0C-CE3B198051F4}.Ad-Hoc|Any CPU.Build.0 = Release|Any CPU
		{9411094B-95B9-473F-8B0C-CE3B198051F4}.Ad-Hoc|Any CPU.Deploy.0 = Release|Any CPU
		{9411094B-95B9-473F-8B0C-CE3B198051F4}.Ad-Hoc|iPhone.ActiveCfg = Release|Any CPU
		{9411094B-95B9-473F-8B0C-CE3B198051F4}.Ad-Hoc|iPhone.Build.0 = Release|Any CPU
		{9411094B-95B9-473F-8B0C-CE3B198051F4}.Ad-Hoc|iPhone.Deploy.0 = Release|Any CPU
		{9411094B-95B9-473F-8B0C-CE3B198051F4}.Ad-Hoc|iPhoneSimulator.ActiveCfg = Release|Any CPU
		{9411094B-95B9-473F-8B0C-CE3B198051F4}.Ad-Hoc|iPhoneSimulator.Build.0 = Release|Any CPU
		{9411094B-95B9-473F-8B0C-CE3B198051F4}.Ad-Hoc|iPhoneSimulator.Deploy.0 = Release|Any CPU
		{9411094B-95B9-473F-8B0C-CE3B198051F4}.AppStore|Any CPU.ActiveCfg = Release|Any CPU
		{9411094B-95B9-473F-8B0C-CE3B198051F4}.AppStore|Any CPU.Build.0 = Release|Any CPU
		{9411094B-95B9-473F-8B0C-CE3B198051F4}.AppStore|Any CPU.Deploy.0 = Release|Any CPU
		{9411094B-95B9-473F-8B0C-CE3B198051F4}.AppStore|iPhone.ActiveCfg = Release|Any CPU
		{9411094B-95B9-473F-8B0C-CE3B198051F4}.AppStore|iPhone.Build.0 = Release|Any CPU
		{9411094B-95B9-473F-8B0C-CE3B198051F4}.AppStore|iPhone.Deploy.0 = Release|Any CPU
		{9411094B-95B9-473F-8B0C-CE3B198051F4}.AppStore|iPhoneSimulator.ActiveCfg = Release|Any CPU
		{9411094B-95B9-473F-8B0C-CE3B198051F4}.AppStore|iPhoneSimulator.Build.0 = Release|Any CPU
		{9411094B-95B9-473F-8B0C-CE3B198051F4}.AppStore|iPhoneSimulator.Deploy.0 = Release|Any CPU
		{9411094B-95B9-473F-8B0C-CE3B198051F4}.Debug|Any CPU.ActiveCfg = Debug|Any CPU
		{9411094B-95B9-473F-8B0C-CE3B198051F4}.Debug|Any CPU.Build.0 = Debug|Any CPU
		{9411094B-95B9-473F-8B0C-CE3B198051F4}.Debug|Any CPU.Deploy.0 = Debug|Any CPU
		{9411094B-95B9-473F-8B0C-CE3B198051F4}.Debug|iPhone.ActiveCfg = Debug|Any CPU
		{9411094B-95B9-473F-8B0C-CE3B198051F4}.Debug|iPhone.Build.0 = Debug|Any CPU
		{9411094B-95B9-473F-8B0C-CE3B198051F4}.Debug|iPhone.Deploy.0 = Debug|Any CPU
		{9411094B-95B9-473F-8B0C-CE3B198051F4}.Debug|iPhoneSimulator.ActiveCfg = Debug|Any CPU
		{9411094B-95B9-473F-8B0C-CE3B198051F4}.Debug|iPhoneSimulator.Build.0 = Debug|Any CPU
		{9411094B-95B9-473F-8B0C-CE3B198051F4}.Debug|iPhoneSimulator.Deploy.0 = Debug|Any CPU
		{9411094B-95B9-473F-8B0C-CE3B198051F4}.Release|Any CPU.ActiveCfg = Release|Any CPU
		{9411094B-95B9-473F-8B0C-CE3B198051F4}.Release|Any CPU.Build.0 = Release|Any CPU
		{9411094B-95B9-473F-8B0C-CE3B198051F4}.Release|Any CPU.Deploy.0 = Release|Any CPU
		{9411094B-95B9-473F-8B0C-CE3B198051F4}.Release|iPhone.ActiveCfg = Release|Any CPU
		{9411094B-95B9-473F-8B0C-CE3B198051F4}.Release|iPhone.Build.0 = Release|Any CPU
		{9411094B-95B9-473F-8B0C-CE3B198051F4}.Release|iPhone.Deploy.0 = Release|Any CPU
		{9411094B-95B9-473F-8B0C-CE3B198051F4}.Release|iPhoneSimulator.ActiveCfg = Release|Any CPU
		{9411094B-95B9-473F-8B0C-CE3B198051F4}.Release|iPhoneSimulator.Build.0 = Release|Any CPU
		{9411094B-95B9-473F-8B0C-CE3B198051F4}.Release|iPhoneSimulator.Deploy.0 = Release|Any CPU
		{877CD898-4A6E-42BA-8606-E6D5D91F01D8}.Ad-Hoc|Any CPU.ActiveCfg = Release|Any CPU
		{877CD898-4A6E-42BA-8606-E6D5D91F01D8}.Ad-Hoc|Any CPU.Build.0 = Release|Any CPU
		{877CD898-4A6E-42BA-8606-E6D5D91F01D8}.Ad-Hoc|iPhone.ActiveCfg = Release|Any CPU
		{877CD898-4A6E-42BA-8606-E6D5D91F01D8}.Ad-Hoc|iPhone.Build.0 = Release|Any CPU
		{877CD898-4A6E-42BA-8606-E6D5D91F01D8}.Ad-Hoc|iPhoneSimulator.ActiveCfg = Release|Any CPU
		{877CD898-4A6E-42BA-8606-E6D5D91F01D8}.Ad-Hoc|iPhoneSimulator.Build.0 = Release|Any CPU
		{877CD898-4A6E-42BA-8606-E6D5D91F01D8}.AppStore|Any CPU.ActiveCfg = Release|Any CPU
		{877CD898-4A6E-42BA-8606-E6D5D91F01D8}.AppStore|Any CPU.Build.0 = Release|Any CPU
		{877CD898-4A6E-42BA-8606-E6D5D91F01D8}.AppStore|iPhone.ActiveCfg = Release|Any CPU
		{877CD898-4A6E-42BA-8606-E6D5D91F01D8}.AppStore|iPhone.Build.0 = Release|Any CPU
		{877CD898-4A6E-42BA-8606-E6D5D91F01D8}.AppStore|iPhoneSimulator.ActiveCfg = Release|Any CPU
		{877CD898-4A6E-42BA-8606-E6D5D91F01D8}.AppStore|iPhoneSimulator.Build.0 = Release|Any CPU
		{877CD898-4A6E-42BA-8606-E6D5D91F01D8}.Debug|Any CPU.ActiveCfg = Debug|Any CPU
		{877CD898-4A6E-42BA-8606-E6D5D91F01D8}.Debug|Any CPU.Build.0 = Debug|Any CPU
		{877CD898-4A6E-42BA-8606-E6D5D91F01D8}.Debug|iPhone.ActiveCfg = Debug|Any CPU
		{877CD898-4A6E-42BA-8606-E6D5D91F01D8}.Debug|iPhone.Build.0 = Debug|Any CPU
		{877CD898-4A6E-42BA-8606-E6D5D91F01D8}.Debug|iPhoneSimulator.ActiveCfg = Debug|Any CPU
		{877CD898-4A6E-42BA-8606-E6D5D91F01D8}.Debug|iPhoneSimulator.Build.0 = Debug|Any CPU
		{877CD898-4A6E-42BA-8606-E6D5D91F01D8}.Release|Any CPU.ActiveCfg = Release|Any CPU
		{877CD898-4A6E-42BA-8606-E6D5D91F01D8}.Release|Any CPU.Build.0 = Release|Any CPU
		{877CD898-4A6E-42BA-8606-E6D5D91F01D8}.Release|iPhone.ActiveCfg = Release|Any CPU
		{877CD898-4A6E-42BA-8606-E6D5D91F01D8}.Release|iPhone.Build.0 = Release|Any CPU
		{877CD898-4A6E-42BA-8606-E6D5D91F01D8}.Release|iPhoneSimulator.ActiveCfg = Release|Any CPU
		{877CD898-4A6E-42BA-8606-E6D5D91F01D8}.Release|iPhoneSimulator.Build.0 = Release|Any CPU
		{A407B1DF-1766-44DB-B694-7846ACF11740}.Ad-Hoc|Any CPU.ActiveCfg = Ad-Hoc|iPhoneSimulator
		{A407B1DF-1766-44DB-B694-7846ACF11740}.Ad-Hoc|iPhone.ActiveCfg = Ad-Hoc|iPhone
		{A407B1DF-1766-44DB-B694-7846ACF11740}.Ad-Hoc|iPhone.Build.0 = Ad-Hoc|iPhone
		{A407B1DF-1766-44DB-B694-7846ACF11740}.Ad-Hoc|iPhoneSimulator.ActiveCfg = Ad-Hoc|iPhoneSimulator
		{A407B1DF-1766-44DB-B694-7846ACF11740}.Ad-Hoc|iPhoneSimulator.Build.0 = Ad-Hoc|iPhoneSimulator
		{A407B1DF-1766-44DB-B694-7846ACF11740}.AppStore|Any CPU.ActiveCfg = AppStore|iPhoneSimulator
		{A407B1DF-1766-44DB-B694-7846ACF11740}.AppStore|iPhone.ActiveCfg = AppStore|iPhone
		{A407B1DF-1766-44DB-B694-7846ACF11740}.AppStore|iPhone.Build.0 = AppStore|iPhone
		{A407B1DF-1766-44DB-B694-7846ACF11740}.AppStore|iPhoneSimulator.ActiveCfg = AppStore|iPhoneSimulator
		{A407B1DF-1766-44DB-B694-7846ACF11740}.AppStore|iPhoneSimulator.Build.0 = AppStore|iPhoneSimulator
		{A407B1DF-1766-44DB-B694-7846ACF11740}.Debug|Any CPU.ActiveCfg = Debug|iPhoneSimulator
		{A407B1DF-1766-44DB-B694-7846ACF11740}.Debug|iPhone.ActiveCfg = Debug|iPhone
		{A407B1DF-1766-44DB-B694-7846ACF11740}.Debug|iPhone.Build.0 = Debug|iPhone
		{A407B1DF-1766-44DB-B694-7846ACF11740}.Debug|iPhoneSimulator.ActiveCfg = Debug|iPhoneSimulator
		{A407B1DF-1766-44DB-B694-7846ACF11740}.Debug|iPhoneSimulator.Build.0 = Debug|iPhoneSimulator
		{A407B1DF-1766-44DB-B694-7846ACF11740}.Release|Any CPU.ActiveCfg = Release|iPhoneSimulator
		{A407B1DF-1766-44DB-B694-7846ACF11740}.Release|iPhone.ActiveCfg = Release|iPhone
		{A407B1DF-1766-44DB-B694-7846ACF11740}.Release|iPhone.Build.0 = Release|iPhone
		{A407B1DF-1766-44DB-B694-7846ACF11740}.Release|iPhoneSimulator.ActiveCfg = Release|iPhoneSimulator
		{A407B1DF-1766-44DB-B694-7846ACF11740}.Release|iPhoneSimulator.Build.0 = Release|iPhoneSimulator
	EndGlobalSection
	GlobalSection(SolutionProperties) = preSolution
		HideSolutionNode = FALSE
	EndGlobalSection
	GlobalSection(ExtensibilityGlobals) = postSolution
		SolutionGuid = {B00BB8A6-A17D-49D8-B290-8660E4E5AF80}
	EndGlobalSection
EndGlobal
